
Microsoft Visual Studio Solution File, Format Version 12.00
# Visual Studio 15
VisualStudioVersion = 15.0.28307.329
MinimumVisualStudioVersion = 10.0.40219.1
Project("{888888A0-9F3D-457C-B088-3A5042F75D52}") = "HandTrack", "HandTrack\HandTrack.pyproj", "{7BB38CD0-9282-488F-AE51-BD522840B6B2}"
EndProject
Global
	GlobalSection(SolutionConfigurationPlatforms) = preSolution
		Debug|Any CPU = Debug|Any CPU
		Release|Any CPU = Release|Any CPU
	EndGlobalSection
	GlobalSection(ProjectConfigurationPlatforms) = postSolution
		{7BB38CD0-9282-488F-AE51-BD522840B6B2}.Debug|Any CPU.ActiveCfg = Debug|Any CPU
		{7BB38CD0-9282-488F-AE51-BD522840B6B2}.Release|Any CPU.ActiveCfg = Release|Any CPU
	EndGlobalSection
	GlobalSection(SolutionProperties) = preSolution
		HideSolutionNode = FALSE
	EndGlobalSection
	GlobalSection(ExtensibilityGlobals) = postSolution
		SolutionGuid = {2B9BB25F-D4A1-453A-8579-177E3B445B70}
	EndGlobalSection
EndGlobal
